
Microsoft Visual Studio Solution File, Format Version 12.00
# Visual Studio 14
VisualStudioVersion = 14.0.25420.1
MinimumVisualStudioVersion = 10.0.40219.1
Project("{FAE04EC0-301F-11D3-BF4B-00C04F79EFBC}") = "Learn.DesignPatterns.01_Strategy", "Learn.DesignPatterns.01_Strategy\Learn.DesignPatterns.01_Strategy.csproj", "{81727BC0-2AD7-43E9-9933-C84F0821EAD7}"
EndProject
Project("{FAE04EC0-301F-11D3-BF4B-00C04F79EFBC}") = "Learn.DesignPatterns.02_Observer", "Learn.DesignPatterns.02_Observer\Learn.DesignPatterns.02_Observer.csproj", "{354F581B-716C-48AC-8D9D-28A684BD8C64}"
EndProject
Project("{FAE04EC0-301F-11D3-BF4B-00C04F79EFBC}") = "Learn.DesignPatterns.03_Decorator", "Learn.DesignPatterns.03_Decorator\Learn.DesignPatterns.03_Decorator.csproj", "{DA84C933-B588-42B1-A634-B2C5B25D9AAA}"
EndProject
Project("{FAE04EC0-301F-11D3-BF4B-00C04F79EFBC}") = "Learn.DesignPatterns.04_Factory", "Learn.DesignPatterns.04_Factory\Learn.DesignPatterns.04_Factory.csproj", "{DC638902-EC67-438F-87E6-76B70C266601}"
EndProject
Project("{FAE04EC0-301F-11D3-BF4B-00C04F79EFBC}") = "Learn.DesignPatterns.05_Singleton", "Learn.DesignPatterns.05_Singleton\Learn.DesignPatterns.05_Singleton.csproj", "{F161AC8A-B768-495F-AC0F-16A02973D710}"
EndProject
Global
	GlobalSection(SolutionConfigurationPlatforms) = preSolution
		Debug|Any CPU = Debug|Any CPU
		Release|Any CPU = Release|Any CPU
	EndGlobalSection
	GlobalSection(ProjectConfigurationPlatforms) = postSolution
		{81727BC0-2AD7-43E9-9933-C84F0821EAD7}.Debug|Any CPU.ActiveCfg = Debug|Any CPU
		{81727BC0-2AD7-43E9-9933-C84F0821EAD7}.Debug|Any CPU.Build.0 = Debug|Any CPU
		{81727BC0-2AD7-43E9-9933-C84F0821EAD7}.Release|Any CPU.ActiveCfg = Release|Any CPU
		{81727BC0-2AD7-43E9-9933-C84F0821EAD7}.Release|Any CPU.Build.0 = Release|Any CPU
		{354F581B-716C-48AC-8D9D-28A684BD8C64}.Debug|Any CPU.ActiveCfg = Debug|Any CPU
		{354F581B-716C-48AC-8D9D-28A684BD8C64}.Debug|Any CPU.Build.0 = Debug|Any CPU
		{354F581B-716C-48AC-8D9D-28A684BD8C64}.Release|Any CPU.ActiveCfg = Release|Any CPU
		{354F581B-716C-48AC-8D9D-28A684BD8C64}.Release|Any CPU.Build.0 = Release|Any CPU
		{DA84C933-B588-42B1-A634-B2C5B25D9AAA}.Debug|Any CPU.ActiveCfg = Debug|Any CPU
		{DA84C933-B588-42B1-A634-B2C5B25D9AAA}.Debug|Any CPU.Build.0 = Debug|Any CPU
		{DA84C933-B588-42B1-A634-B2C5B25D9AAA}.Release|Any CPU.ActiveCfg = Release|Any CPU
		{DA84C933-B588-42B1-A634-B2C5B25D9AAA}.Release|Any CPU.Build.0 = Release|Any CPU
		{DC638902-EC67-438F-87E6-76B70C266601}.Debug|Any CPU.ActiveCfg = Debug|Any CPU
		{DC638902-EC67-438F-87E6-76B70C266601}.Debug|Any CPU.Build.0 = Debug|Any CPU
		{DC638902-EC67-438F-87E6-76B70C266601}.Release|Any CPU.ActiveCfg = Release|Any CPU
		{DC638902-EC67-438F-87E6-76B70C266601}.Release|Any CPU.Build.0 = Release|Any CPU
		{F161AC8A-B768-495F-AC0F-16A02973D710}.Debug|Any CPU.ActiveCfg = Debug|Any CPU
		{F161AC8A-B768-495F-AC0F-16A02973D710}.Debug|Any CPU.Build.0 = Debug|Any CPU
		{F161AC8A-B768-495F-AC0F-16A02973D710}.Release|Any CPU.ActiveCfg = Release|Any CPU
		{F161AC8A-B768-495F-AC0F-16A02973D710}.Release|Any CPU.Build.0 = Release|Any CPU
	EndGlobalSection
	GlobalSection(SolutionProperties) = preSolution
		HideSolutionNode = FALSE
	EndGlobalSection
EndGlobal
